# THIS IS AN AUTOGENERATED FILE. DO NOT EDIT THIS FILE DIRECTLY.
# yarn lockfile v1


pure-rand@2.0.0:
  version "2.0.0"
  resolved "https://registry.yarnpkg.com/pure-rand/-/pure-rand-2.0.0.tgz#3324633545207907fe964c2f0ebf05d8e9a7f129"
  integrity sha512-mk98aayyd00xbfHgE3uEmAUGzz3jCdm8Mkf5DUXUhc7egmOaGG2D7qhVlynGenNe9VaNJZvzO9hkc8myuTkDgw==
