{
  "requires": true,
  "lockfileVersion": 1,
  "dependencies": {
    "pure-rand": {
      "version": "2.0.0",
      "resolved": "https://registry.npmjs.org/pure-rand/-/pure-rand-2.0.0.tgz",
      "integrity": "sha512-mk98aayyd00xbfHgE3uEmAUGzz3jCdm8Mkf5DUXUhc7egmOaGG2D7qhVlynGenNe9VaNJZvzO9hkc8myuTkDgw=="
    }
  }
}
